lockfileVersion: '9.0'

settings:
  autoInstallPeers: true
  excludeLinksFromLockfile: false

importers:

  .:
    dependencies:
      '@mantine/core':
        specifier: ^7.17.4
        version: 7.17.4(@mantine/hooks@7.17.4(react@19.1.0))(@types/react@19.0.12)(react-dom@19.1.0(react@19.1.0))(react@19.1.0)
      '@mantine/form':
        specifier: ^7.17.5
        version: 7.17.5(react@19.1.0)
      '@mantine/hooks':
        specifier: ^7.17.4
        version: 7.17.4(react@19.1.0)
      '@tanstack/react-query':
        specifier: ^5.69.0
        version: 5.70.0(react@19.1.0)
      hono:
        specifier: 4.7.7
        version: 4.7.7
      lucide-react:
        specifier: ^0.503.0
        version: 0.503.0(react@19.1.0)
      react:
        specifier: ^19.0.0
        version: 19.1.0
      react-dom:
        specifier: ^19.0.0
        version: 19.1.0(react@19.1.0)
      wouter:
        specifier: ^3.7.0
        version: 3.7.0(react@19.1.0)
      zod:
        specifier: ^3.24.3
        version: 3.24.3
    devDependencies:
      '@types/react':
        specifier: ^19.0.10
        version: 19.0.12
      '@types/react-dom':
        specifier: ^19.0.4
        version: 19.0.4(@types/react@19.0.12)
      '@vitejs/plugin-react-swc':
        specifier: ^3.8.0
        version: 3.8.1(vite@6.2.3(sugarss@4.0.1(postcss@8.5.3)))
      postcss:
        specifier: ^8.5.3
        version: 8.5.3
      postcss-preset-mantine:
        specifier: ^1.17.0
        version: 1.17.0(postcss@8.5.3)
      postcss-simple-vars:
        specifier: ^7.0.1
        version: 7.0.1(postcss@8.5.3)
      typescript:
        specifier: ~5.7.2
        version: 5.7.3
      vite:
        specifier: ^6.2.0
        version: 6.2.3(sugarss@4.0.1(postcss@8.5.3))

packages:

  '@babel/runtime@7.27.0':
    resolution: {integrity: sha512-VtPOkrdPHZsKc/clNqyi9WUA8TINkZ4cGk63UUE3u4pmB2k+ZMQRDuIOagv8UVd6j7k0T3+RRIb7beKTebNbcw==}
    engines: {node: '>=6.9.0'}

  '@esbuild/aix-ppc64@0.25.1':
    resolution: {integrity: sha512-kfYGy8IdzTGy+z0vFGvExZtxkFlA4zAxgKEahG9KE1ScBjpQnFsNOX8KTU5ojNru5ed5CVoJYXFtoxaq5nFbjQ==}
    engines: {node: '>=18'}
    cpu: [ppc64]
    os: [aix]

  '@esbuild/android-arm64@0.25.1':
    resolution: {integrity: sha512-50tM0zCJW5kGqgG7fQ7IHvQOcAn9TKiVRuQ/lN0xR+T2lzEFvAi1ZcS8DiksFcEpf1t/GYOeOfCAgDHFpkiSmA==}
    engines: {node: '>=18'}
    cpu: [arm64]
    os: [android]

  '@esbuild/android-arm@0.25.1':
    resolution: {integrity: sha512-dp+MshLYux6j/JjdqVLnMglQlFu+MuVeNrmT5nk6q07wNhCdSnB7QZj+7G8VMUGh1q+vj2Bq8kRsuyA00I/k+Q==}
    engines: {node: '>=18'}
    cpu: [arm]
    os: [android]

  '@esbuild/android-x64@0.25.1':
    resolution: {integrity: sha512-GCj6WfUtNldqUzYkN/ITtlhwQqGWu9S45vUXs7EIYf+7rCiiqH9bCloatO9VhxsL0Pji+PF4Lz2XXCES+Q8hDw==}
    engines: {node: '>=18'}
    cpu: [x64]
    os: [android]

  '@esbuild/darwin-arm64@0.25.1':
    resolution: {integrity: sha512-5hEZKPf+nQjYoSr/elb62U19/l1mZDdqidGfmFutVUjjUZrOazAtwK+Kr+3y0C/oeJfLlxo9fXb1w7L+P7E4FQ==}
    engines: {node: '>=18'}
    cpu: [arm64]
    os: [darwin]

  '@esbuild/darwin-x64@0.25.1':
    resolution: {integrity: sha512-hxVnwL2Dqs3fM1IWq8Iezh0cX7ZGdVhbTfnOy5uURtao5OIVCEyj9xIzemDi7sRvKsuSdtCAhMKarxqtlyVyfA==}
    engines: {node: '>=18'}
    cpu: [x64]
    os: [darwin]

  '@esbuild/freebsd-arm64@0.25.1':
    resolution: {integrity: sha512-1MrCZs0fZa2g8E+FUo2ipw6jw5qqQiH+tERoS5fAfKnRx6NXH31tXBKI3VpmLijLH6yriMZsxJtaXUyFt/8Y4A==}
    engines: {node: '>=18'}
    cpu: [arm64]
    os: [freebsd]

  '@esbuild/freebsd-x64@0.25.1':
    resolution: {integrity: sha512-0IZWLiTyz7nm0xuIs0q1Y3QWJC52R8aSXxe40VUxm6BB1RNmkODtW6LHvWRrGiICulcX7ZvyH6h5fqdLu4gkww==}
    engines: {node: '>=18'}
    cpu: [x64]
    os: [freebsd]

  '@esbuild/linux-arm64@0.25.1':
    resolution: {integrity: sha512-jaN3dHi0/DDPelk0nLcXRm1q7DNJpjXy7yWaWvbfkPvI+7XNSc/lDOnCLN7gzsyzgu6qSAmgSvP9oXAhP973uQ==}
    engines: {node: '>=18'}
    cpu: [arm64]
    os: [linux]

  '@esbuild/linux-arm@0.25.1':
    resolution: {integrity: sha512-NdKOhS4u7JhDKw9G3cY6sWqFcnLITn6SqivVArbzIaf3cemShqfLGHYMx8Xlm/lBit3/5d7kXvriTUGa5YViuQ==}
    engines: {node: '>=18'}
    cpu: [arm]
    os: [linux]

  '@esbuild/linux-ia32@0.25.1':
    resolution: {integrity: sha512-OJykPaF4v8JidKNGz8c/q1lBO44sQNUQtq1KktJXdBLn1hPod5rE/Hko5ugKKZd+D2+o1a9MFGUEIUwO2YfgkQ==}
    engines: {node: '>=18'}
    cpu: [ia32]
    os: [linux]

  '@esbuild/linux-loong64@0.25.1':
    resolution: {integrity: sha512-nGfornQj4dzcq5Vp835oM/o21UMlXzn79KobKlcs3Wz9smwiifknLy4xDCLUU0BWp7b/houtdrgUz7nOGnfIYg==}
    engines: {node: '>=18'}
    cpu: [loong64]
    os: [linux]

  '@esbuild/linux-mips64el@0.25.1':
    resolution: {integrity: sha512-1osBbPEFYwIE5IVB/0g2X6i1qInZa1aIoj1TdL4AaAb55xIIgbg8Doq6a5BzYWgr+tEcDzYH67XVnTmUzL+nXg==}
    engines: {node: '>=18'}
    cpu: [mips64el]
    os: [linux]

  '@esbuild/linux-ppc64@0.25.1':
    resolution: {integrity: sha512-/6VBJOwUf3TdTvJZ82qF3tbLuWsscd7/1w+D9LH0W/SqUgM5/JJD0lrJ1fVIfZsqB6RFmLCe0Xz3fmZc3WtyVg==}
    engines: {node: '>=18'}
    cpu: [ppc64]
    os: [linux]

  '@esbuild/linux-riscv64@0.25.1':
    resolution: {integrity: sha512-nSut/Mx5gnilhcq2yIMLMe3Wl4FK5wx/o0QuuCLMtmJn+WeWYoEGDN1ipcN72g1WHsnIbxGXd4i/MF0gTcuAjQ==}
    engines: {node: '>=18'}
    cpu: [riscv64]
    os: [linux]

  '@esbuild/linux-s390x@0.25.1':
    resolution: {integrity: sha512-cEECeLlJNfT8kZHqLarDBQso9a27o2Zd2AQ8USAEoGtejOrCYHNtKP8XQhMDJMtthdF4GBmjR2au3x1udADQQQ==}
    engines: {node: '>=18'}
    cpu: [s390x]
    os: [linux]

  '@esbuild/linux-x64@0.25.1':
    resolution: {integrity: sha512-xbfUhu/gnvSEg+EGovRc+kjBAkrvtk38RlerAzQxvMzlB4fXpCFCeUAYzJvrnhFtdeyVCDANSjJvOvGYoeKzFA==}
    engines: {node: '>=18'}
    cpu: [x64]
    os: [linux]

  '@esbuild/netbsd-arm64@0.25.1':
    resolution: {integrity: sha512-O96poM2XGhLtpTh+s4+nP7YCCAfb4tJNRVZHfIE7dgmax+yMP2WgMd2OecBuaATHKTHsLWHQeuaxMRnCsH8+5g==}
    engines: {node: '>=18'}
    cpu: [arm64]
    os: [netbsd]

  '@esbuild/netbsd-x64@0.25.1':
    resolution: {integrity: sha512-X53z6uXip6KFXBQ+Krbx25XHV/NCbzryM6ehOAeAil7X7oa4XIq+394PWGnwaSQ2WRA0KI6PUO6hTO5zeF5ijA==}
    engines: {node: '>=18'}
    cpu: [x64]
    os: [netbsd]

  '@esbuild/openbsd-arm64@0.25.1':
    resolution: {integrity: sha512-Na9T3szbXezdzM/Kfs3GcRQNjHzM6GzFBeU1/6IV/npKP5ORtp9zbQjvkDJ47s6BCgaAZnnnu/cY1x342+MvZg==}
    engines: {node: '>=18'}
    cpu: [arm64]
    os: [openbsd]

  '@esbuild/openbsd-x64@0.25.1':
    resolution: {integrity: sha512-T3H78X2h1tszfRSf+txbt5aOp/e7TAz3ptVKu9Oyir3IAOFPGV6O9c2naym5TOriy1l0nNf6a4X5UXRZSGX/dw==}
    engines: {node: '>=18'}
    cpu: [x64]
    os: [openbsd]

  '@esbuild/sunos-x64@0.25.1':
    resolution: {integrity: sha512-2H3RUvcmULO7dIE5EWJH8eubZAI4xw54H1ilJnRNZdeo8dTADEZ21w6J22XBkXqGJbe0+wnNJtw3UXRoLJnFEg==}
    engines: {node: '>=18'}
    cpu: [x64]
    os: [sunos]

  '@esbuild/win32-arm64@0.25.1':
    resolution: {integrity: sha512-GE7XvrdOzrb+yVKB9KsRMq+7a2U/K5Cf/8grVFRAGJmfADr/e/ODQ134RK2/eeHqYV5eQRFxb1hY7Nr15fv1NQ==}
    engines: {node: '>=18'}
    cpu: [arm64]
    os: [win32]

  '@esbuild/win32-ia32@0.25.1':
    resolution: {integrity: sha512-uOxSJCIcavSiT6UnBhBzE8wy3n0hOkJsBOzy7HDAuTDE++1DJMRRVCPGisULScHL+a/ZwdXPpXD3IyFKjA7K8A==}
    engines: {node: '>=18'}
    cpu: [ia32]
    os: [win32]

  '@esbuild/win32-x64@0.25.1':
    resolution: {integrity: sha512-Y1EQdcfwMSeQN/ujR5VayLOJ1BHaK+ssyk0AEzPjC+t1lITgsnccPqFjb6V+LsTp/9Iov4ysfjxLaGJ9RPtkVg==}
    engines: {node: '>=18'}
    cpu: [x64]
    os: [win32]

  '@floating-ui/core@1.6.9':
    resolution: {integrity: sha512-uMXCuQ3BItDUbAMhIXw7UPXRfAlOAvZzdK9BWpE60MCn+Svt3aLn9jsPTi/WNGlRUu2uI0v5S7JiIUsbsvh3fw==}

  '@floating-ui/dom@1.6.13':
    resolution: {integrity: sha512-umqzocjDgNRGTuO7Q8CU32dkHkECqI8ZdMZ5Swb6QAM0t5rnlrN3lGo1hdpscRd3WS8T6DKYK4ephgIH9iRh3w==}

  '@floating-ui/react-dom@2.1.2':
    resolution: {integrity: sha512-06okr5cgPzMNBy+Ycse2A6udMi4bqwW/zgBF/rwjcNqWkyr82Mcg8b0vjX8OJpZFy/FKjJmw6wV7t44kK6kW7A==}
    peerDependencies:
      react: '>=16.8.0'
      react-dom: '>=16.8.0'

  '@floating-ui/react@0.26.28':
    resolution: {integrity: sha512-yORQuuAtVpiRjpMhdc0wJj06b9JFjrYF4qp96j++v2NBpbi6SEGF7donUJ3TMieerQ6qVkAv1tgr7L4r5roTqw==}
    peerDependencies:
      react: '>=16.8.0'
      react-dom: '>=16.8.0'

  '@floating-ui/utils@0.2.9':
    resolution: {integrity: sha512-MDWhGtE+eHw5JW7lq4qhc5yRLS11ERl1c7Z6Xd0a58DozHES6EnNNwUWbMiG4J9Cgj053Bhk8zvlhFYKVhULwg==}

  '@mantine/core@7.17.4':
    resolution: {integrity: sha512-Ea4M/98jxgIWCuxCdM0YIotVYjfLTGQsfIA6zDg0LsClgjo/ZLnnh4zbi+bLNgM+GGjP4ju7gv4MZvaTKuLO8g==}
    peerDependencies:
      '@mantine/hooks': 7.17.4
      react: ^18.x || ^19.x
      react-dom: ^18.x || ^19.x

  '@mantine/form@7.17.5':
    resolution: {integrity: sha512-24xkjs8486uOoevymHx2xgZ69j8mM9EG01LMOOMmEHV2k+0HwrCvwPL/2ISCnzWfHZBSwrq9ZTw7KZ6HPnU0nQ==}
    peerDependencies:
      react: ^18.x || ^19.x

  '@mantine/hooks@7.17.4':
    resolution: {integrity: sha512-PBcJxDAfGm8k1/JJmaDcxzRVQ3JSE1iXGktbgGz+qEOJmCxwbbAYe+CtGFFgi1xX2bPZ+7dtRr/+XFhnKtt/aw==}
    peerDependencies:
      react: ^18.x || ^19.x

  '@nodelib/fs.scandir@2.1.5':
    resolution: {integrity: sha512-vq24Bq3ym5HEQm2NKCr3yXDwjc7vTsEThRDnkp2DK9p1uqLR+DHurm/NOTo0KG7HYHU7eppKZj3MyqYuMBf62g==}
    engines: {node: '>= 8'}

  '@nodelib/fs.stat@2.0.5':
    resolution: {integrity: sha512-RkhPPp2zrqDAQA/2jNhnztcPAlv64XdhIp7a7454A5ovI7Bukxgt7MX7udwAu3zg1DcpPU0rz3VV1SeaqvY4+A==}
    engines: {node: '>= 8'}

  '@nodelib/fs.walk@1.2.8':
    resolution: {integrity: sha512-oGB+UxlgWcgQkgwo8GcEGwemoTFt3FIO9ababBmaGwXIoBKZ+GTy0pP185beGg7Llih/NSHSV2XAs1lnznocSg==}
    engines: {node: '>= 8'}

  '@rollup/rollup-android-arm-eabi@4.38.0':
    resolution: {integrity: sha512-ldomqc4/jDZu/xpYU+aRxo3V4mGCV9HeTgUBANI3oIQMOL+SsxB+S2lxMpkFp5UamSS3XuTMQVbsS24R4J4Qjg==}
    cpu: [arm]
    os: [android]

  '@rollup/rollup-android-arm64@4.38.0':
    resolution: {integrity: sha512-VUsgcy4GhhT7rokwzYQP+aV9XnSLkkhlEJ0St8pbasuWO/vwphhZQxYEKUP3ayeCYLhk6gEtacRpYP/cj3GjyQ==}
    cpu: [arm64]
    os: [android]

  '@rollup/rollup-darwin-arm64@4.38.0':
    resolution: {integrity: sha512-buA17AYXlW9Rn091sWMq1xGUvWQFOH4N1rqUxGJtEQzhChxWjldGCCup7r/wUnaI6Au8sKXpoh0xg58a7cgcpg==}
    cpu: [arm64]
    os: [darwin]

  '@rollup/rollup-darwin-x64@4.38.0':
    resolution: {integrity: sha512-Mgcmc78AjunP1SKXl624vVBOF2bzwNWFPMP4fpOu05vS0amnLcX8gHIge7q/lDAHy3T2HeR0TqrriZDQS2Woeg==}
    cpu: [x64]
    os: [darwin]

  '@rollup/rollup-freebsd-arm64@4.38.0':
    resolution: {integrity: sha512-zzJACgjLbQTsscxWqvrEQAEh28hqhebpRz5q/uUd1T7VTwUNZ4VIXQt5hE7ncs0GrF+s7d3S4on4TiXUY8KoQA==}
    cpu: [arm64]
    os: [freebsd]

  '@rollup/rollup-freebsd-x64@4.38.0':
    resolution: {integrity: sha512-hCY/KAeYMCyDpEE4pTETam0XZS4/5GXzlLgpi5f0IaPExw9kuB+PDTOTLuPtM10TlRG0U9OSmXJ+Wq9J39LvAg==}
    cpu: [x64]
    os: [freebsd]

  '@rollup/rollup-linux-arm-gnueabihf@4.38.0':
    resolution: {integrity: sha512-mimPH43mHl4JdOTD7bUMFhBdrg6f9HzMTOEnzRmXbOZqjijCw8LA5z8uL6LCjxSa67H2xiLFvvO67PT05PRKGg==}
    cpu: [arm]
    os: [linux]

  '@rollup/rollup-linux-arm-musleabihf@4.38.0':
    resolution: {integrity: sha512-tPiJtiOoNuIH8XGG8sWoMMkAMm98PUwlriOFCCbZGc9WCax+GLeVRhmaxjJtz6WxrPKACgrwoZ5ia/uapq3ZVg==}
    cpu: [arm]
    os: [linux]

  '@rollup/rollup-linux-arm64-gnu@4.38.0':
    resolution: {integrity: sha512-wZco59rIVuB0tjQS0CSHTTUcEde+pXQWugZVxWaQFdQQ1VYub/sTrNdY76D1MKdN2NB48JDuGABP6o6fqos8mA==}
    cpu: [arm64]
    os: [linux]

  '@rollup/rollup-linux-arm64-musl@4.38.0':
    resolution: {integrity: sha512-fQgqwKmW0REM4LomQ+87PP8w8xvU9LZfeLBKybeli+0yHT7VKILINzFEuggvnV9M3x1Ed4gUBmGUzCo/ikmFbQ==}
    cpu: [arm64]
    os: [linux]

  '@rollup/rollup-linux-loongarch64-gnu@4.38.0':
    resolution: {integrity: sha512-hz5oqQLXTB3SbXpfkKHKXLdIp02/w3M+ajp8p4yWOWwQRtHWiEOCKtc9U+YXahrwdk+3qHdFMDWR5k+4dIlddg==}
    cpu: [loong64]
    os: [linux]

  '@rollup/rollup-linux-powerpc64le-gnu@4.38.0':
    resolution: {integrity: sha512-NXqygK/dTSibQ+0pzxsL3r4Xl8oPqVoWbZV9niqOnIHV/J92fe65pOir0xjkUZDRSPyFRvu+4YOpJF9BZHQImw==}
    cpu: [ppc64]
    os: [linux]

  '@rollup/rollup-linux-riscv64-gnu@4.38.0':
    resolution: {integrity: sha512-GEAIabR1uFyvf/jW/5jfu8gjM06/4kZ1W+j1nWTSSB3w6moZEBm7iBtzwQ3a1Pxos2F7Gz+58aVEnZHU295QTg==}
    cpu: [riscv64]
    os: [linux]

  '@rollup/rollup-linux-riscv64-musl@4.38.0':
    resolution: {integrity: sha512-9EYTX+Gus2EGPbfs+fh7l95wVADtSQyYw4DfSBcYdUEAmP2lqSZY0Y17yX/3m5VKGGJ4UmIH5LHLkMJft3bYoA==}
    cpu: [riscv64]
    os: [linux]

  '@rollup/rollup-linux-s390x-gnu@4.38.0':
    resolution: {integrity: sha512-Mpp6+Z5VhB9VDk7RwZXoG2qMdERm3Jw07RNlXHE0bOnEeX+l7Fy4bg+NxfyN15ruuY3/7Vrbpm75J9QHFqj5+Q==}
    cpu: [s390x]
    os: [linux]

  '@rollup/rollup-linux-x64-gnu@4.38.0':
    resolution: {integrity: sha512-vPvNgFlZRAgO7rwncMeE0+8c4Hmc+qixnp00/Uv3ht2x7KYrJ6ERVd3/R0nUtlE6/hu7/HiiNHJ/rP6knRFt1w==}
    cpu: [x64]
    os: [linux]

  '@rollup/rollup-linux-x64-musl@4.38.0':
    resolution: {integrity: sha512-q5Zv+goWvQUGCaL7fU8NuTw8aydIL/C9abAVGCzRReuj5h30TPx4LumBtAidrVOtXnlB+RZkBtExMsfqkMfb8g==}
    cpu: [x64]
    os: [linux]

  '@rollup/rollup-win32-arm64-msvc@4.38.0':
    resolution: {integrity: sha512-u/Jbm1BU89Vftqyqbmxdq14nBaQjQX1HhmsdBWqSdGClNaKwhjsg5TpW+5Ibs1mb8Es9wJiMdl86BcmtUVXNZg==}
    cpu: [arm64]
    os: [win32]

  '@rollup/rollup-win32-ia32-msvc@4.38.0':
    resolution: {integrity: sha512-mqu4PzTrlpNHHbu5qleGvXJoGgHpChBlrBx/mEhTPpnAL1ZAYFlvHD7rLK839LLKQzqEQMFJfGrrOHItN4ZQqA==}
    cpu: [ia32]
    os: [win32]

  '@rollup/rollup-win32-x64-msvc@4.38.0':
    resolution: {integrity: sha512-jjqy3uWlecfB98Psxb5cD6Fny9Fupv9LrDSPTQZUROqjvZmcCqNu4UMl7qqhlUUGpwiAkotj6GYu4SZdcr/nLw==}
    cpu: [x64]
    os: [win32]

  '@swc/core-darwin-arm64@1.11.13':
    resolution: {integrity: sha512-loSERhLaQ9XDS+5Kdx8cLe2tM1G0HLit8MfehipAcsdctpo79zrRlkW34elOf3tQoVPKUItV0b/rTuhjj8NtHg==}
    engines: {node: '>=10'}
    cpu: [arm64]
    os: [darwin]

  '@swc/core-darwin-x64@1.11.13':
    resolution: {integrity: sha512-uSA4UwgsDCIysUPfPS8OrQTH2h9spO7IYFd+1NB6dJlVGUuR6jLKuMBOP1IeLeax4cGHayvkcwSJ3OvxHwgcZQ==}
    engines: {node: '>=10'}
    cpu: [x64]
    os: [darwin]

  '@swc/core-linux-arm-gnueabihf@1.11.13':
    resolution: {integrity: sha512-boVtyJzS8g30iQfe8Q46W5QE/cmhKRln/7NMz/5sBP/am2Lce9NL0d05NnFwEWJp1e2AMGHFOdRr3Xg1cDiPKw==}
    engines: {node: '>=10'}
    cpu: [arm]
    os: [linux]

  '@swc/core-linux-arm64-gnu@1.11.13':
    resolution: {integrity: sha512-+IK0jZ84zHUaKtwpV+T+wT0qIUBnK9v2xXD03vARubKF+eUqCsIvcVHXmLpFuap62dClMrhCiwW10X3RbXNlHw==}
    engines: {node: '>=10'}
    cpu: [arm64]
    os: [linux]

  '@swc/core-linux-arm64-musl@1.11.13':
    resolution: {integrity: sha512-+ukuB8RHD5BHPCUjQwuLP98z+VRfu+NkKQVBcLJGgp0/+w7y0IkaxLY/aKmrAS5ofCNEGqKL+AOVyRpX1aw+XA==}
    engines: {node: '>=10'}
    cpu: [arm64]
    os: [linux]

  '@swc/core-linux-x64-gnu@1.11.13':
    resolution: {integrity: sha512-q9H3WI3U3dfJ34tdv60zc8oTuWvSd5fOxytyAO9Pc5M82Hic3jjWaf2xBekUg07ubnMZpyfnv+MlD+EbUI3Llw==}
    engines: {node: '>=10'}
    cpu: [x64]
    os: [linux]

  '@swc/core-linux-x64-musl@1.11.13':
    resolution: {integrity: sha512-9aaZnnq2pLdTbAzTSzy/q8dr7Woy3aYIcQISmw1+Q2/xHJg5y80ZzbWSWKYca/hKonDMjIbGR6dp299I5J0aeA==}
    engines: {node: '>=10'}
    cpu: [x64]
    os: [linux]

  '@swc/core-win32-arm64-msvc@1.11.13':
    resolution: {integrity: sha512-n3QZmDewkHANcoHvtwvA6yJbmS4XJf0MBMmwLZoKDZ2dOnC9D/jHiXw7JOohEuzYcpLoL5tgbqmjxa3XNo9Oow==}
    engines: {node: '>=10'}
    cpu: [arm64]
    os: [win32]

  '@swc/core-win32-ia32-msvc@1.11.13':
    resolution: {integrity: sha512-wM+Nt4lc6YSJFthCx3W2dz0EwFNf++j0/2TQ0Js9QLJuIxUQAgukhNDVCDdq8TNcT0zuA399ALYbvj5lfIqG6g==}
    engines: {node: '>=10'}
    cpu: [ia32]
    os: [win32]

  '@swc/core-win32-x64-msvc@1.11.13':
    resolution: {integrity: sha512-+X5/uW3s1L5gK7wAo0E27YaAoidJDo51dnfKSfU7gF3mlEUuWH8H1bAy5OTt2mU4eXtfsdUMEVXSwhDlLtQkuA==}
    engines: {node: '>=10'}
    cpu: [x64]
    os: [win32]

  '@swc/core@1.11.13':
    resolution: {integrity: sha512-9BXdYz12Wl0zWmZ80PvtjBWeg2ncwJ9L5WJzjhN6yUTZWEV/AwAdVdJnIEp4pro3WyKmAaMxcVOSbhuuOZco5g==}
    engines: {node: '>=10'}
    peerDependencies:
      '@swc/helpers': '*'
    peerDependenciesMeta:
      '@swc/helpers':
        optional: true

  '@swc/counter@0.1.3':
    resolution: {integrity: sha512-e2BR4lsJkkRlKZ/qCHPw9ZaSxc0MVUd7gtbtaB7aMvHeJVYe8sOB8DBZkP2DtISHGSku9sCK6T6cnY0CtXrOCQ==}

  '@swc/types@0.1.20':
    resolution: {integrity: sha512-/rlIpxwKrhz4BIplXf6nsEHtqlhzuNN34/k3kMAXH4/lvVoA3cdq+60aqVNnyvw2uITEaCi0WV3pxBe4dQqoXQ==}

  '@tanstack/query-core@5.70.0':
    resolution: {integrity: sha512-ZkkjQAZjI6nS5OyAmaSQafQXK180Xvp0lZYk4BzrnskkTV8On3zSJUxOIXnh0h/8EgqRkCA9i879DiJovA1kGw==}

  '@tanstack/react-query@5.70.0':
    resolution: {integrity: sha512-z0tx1zz2CQ6nTm+fCaOp93FqsFjNgXtOy+4mC5ifQ4B+rJiMD0AGfJrYSGh/OuefhrzTYDAbkGUAGw6JzkWy8g==}
    peerDependencies:
      react: ^18 || ^19

  '@types/estree@1.0.7':
    resolution: {integrity: sha512-w28IoSUCJpidD/TGviZwwMJckNESJZXFu7NBZ5YJ4mEUnNraUn9Pm8HSZm/jDF1pDWYKspWE7oVphigUPRakIQ==}

  '@types/react-dom@19.0.4':
    resolution: {integrity: sha512-4fSQ8vWFkg+TGhePfUzVmat3eC14TXYSsiiDSLI0dVLsrm9gZFABjPy/Qu6TKgl1tq1Bu1yDsuQgY3A3DOjCcg==}
    peerDependencies:
      '@types/react': ^19.0.0

  '@types/react@19.0.12':
    resolution: {integrity: sha512-V6Ar115dBDrjbtXSrS+/Oruobc+qVbbUxDFC1RSbRqLt5SYvxxyIDrSC85RWml54g+jfNeEMZhEj7wW07ONQhA==}

  '@vitejs/plugin-react-swc@3.8.1':
    resolution: {integrity: sha512-aEUPCckHDcFyxpwFm0AIkbtv6PpUp3xTb9wYGFjtABynXjCYKkWoxX0AOK9NT9XCrdk6mBBUOeHQS+RKdcNO1A==}
    peerDependencies:
      vite: ^4 || ^5 || ^6

  braces@3.0.3:
    resolution: {integrity: sha512-yQbXgO/OSZVD2IsiLlro+7Hf6Q18EJrKSEsdoMzKePKXct3gvD8oLcOQdIzGupr5Fj+EDe8gO/lxc1BzfMpxvA==}
    engines: {node: '>=8'}

  camelcase-css@2.0.1:
    resolution: {integrity: sha512-QOSvevhslijgYwRx6Rv7zKdMF8lbRmx+uQGx2+vDc+KI/eBnsy9kit5aj23AgGu3pa4t9AgwbnXWqS+iOY+2aA==}
    engines: {node: '>= 6'}

  clsx@2.1.1:
    resolution: {integrity: sha512-eYm0QWBtUrBWZWG0d386OGAw16Z995PiOVo2B7bjWSbHedGl5e0ZWaq65kOGgUSNesEIDkB9ISbTg/JK9dhCZA==}
    engines: {node: '>=6'}

  cssesc@3.0.0:
    resolution: {integrity: sha512-/Tb/JcjK111nNScGob5MNtsntNM1aCNUDipB/TkwZFhyDrrE47SOx/18wF2bbjgc3ZzCSKW1T5nt5EbFoAz/Vg==}
    engines: {node: '>=4'}
    hasBin: true

  csstype@3.1.3:
    resolution: {integrity: sha512-M1uQkMl8rQK/szD0LNhtqxIPLpimGm8sOBwU7lLnCpSbTyY3yeU1Vc7l4KT5zT4s/yOxHH5O7tIuuLOCnLADRw==}

  detect-node-es@1.1.0:
    resolution: {integrity: sha512-ypdmJU/TbBby2Dxibuv7ZLW3Bs1QEmM7nHjEANfohJLvE0XVujisn1qPJcZxg+qDucsr+bP6fLD1rPS3AhJ7EQ==}

  esbuild@0.25.1:
    resolution: {integrity: sha512-BGO5LtrGC7vxnqucAe/rmvKdJllfGaYWdyABvyMoXQlfYMb2bbRuReWR5tEGE//4LcNJj9XrkovTqNYRFZHAMQ==}
    engines: {node: '>=18'}
    hasBin: true

  fast-deep-equal@3.1.3:
    resolution: {integrity: sha512-f3qQ9oQy9j2AhBe/H9VC91wLmKBCCU/gDOnKNAYG5hswO7BLKj09Hc5HYNz9cGI++xlpDCIgDaitVs03ATR84Q==}

  fast-glob@3.3.3:
    resolution: {integrity: sha512-7MptL8U0cqcFdzIzwOTHoilX9x5BrNqye7Z/LuC7kCMRio1EMSyqRK3BEAUD7sXRq4iT4AzTVuZdhgQ2TCvYLg==}
    engines: {node: '>=8.6.0'}

  fastq@1.19.1:
    resolution: {integrity: sha512-GwLTyxkCXjXbxqIhTsMI2Nui8huMPtnxg7krajPJAjnEG/iiOS7i+zCtWGZR9G0NBKbXKh6X9m9UIsYX/N6vvQ==}

  fill-range@7.1.1:
    resolution: {integrity: sha512-YsGpe3WHLK8ZYi4tWDg2Jy3ebRz2rXowDxnld4bkQB00cc/1Zw9AWnC0i9ztDJitivtQvaI9KaLyKrc+hBW0yg==}
    engines: {node: '>=8'}

  fsevents@2.3.3:
    resolution: {integrity: sha512-5xoDfX+fL7faATnagmWPpbFtwh/R77WmMMqqHGS65C3vvB0YHrgF+B1YmZ3441tMj5n63k0212XNoJwzlhffQw==}
    engines: {node: ^8.16.0 || ^10.6.0 || >=11.0.0}
    os: [darwin]

  get-nonce@1.0.1:
    resolution: {integrity: sha512-FJhYRoDaiatfEkUK8HKlicmu/3SGFD51q3itKDGoSTysQJBnfOcxU5GxnhE1E6soB76MbT0MBtnKJuXyAx+96Q==}
    engines: {node: '>=6'}

  glob-parent@5.1.2:
    resolution: {integrity: sha512-AOIgSQCepiJYwP3ARnGx+5VnTu2HBYdzbGP45eLw1vr3zB3vZLeyed1sC9hnbcOc9/SrMyM5RPQrkGz4aS9Zow==}
    engines: {node: '>= 6'}

  hono@4.7.7:
    resolution: {integrity: sha512-2PCpQRbN87Crty8/L/7akZN3UyZIAopSoRxCwRbJgUuV1+MHNFHzYFxZTg4v/03cXUm+jce/qa2VSBZpKBm3Qw==}
    engines: {node: '>=16.9.0'}

  is-extglob@2.1.1:
    resolution: {integrity: sha512-SbKbANkN603Vi4jEZv49LeVJMn4yGwsbzZworEoyEiutsN3nJYdbO36zfhGJ6QEDpOZIFkDtnq5JRxmvl3jsoQ==}
    engines: {node: '>=0.10.0'}

  is-glob@4.0.3:
    resolution: {integrity: sha512-xelSayHH36ZgE7ZWhli7pW34hNbNl8Ojv5KVmkJD4hBdD3th8Tfk9vYasLM+mXWOZhFkgZfxhLSnrwRr4elSSg==}
    engines: {node: '>=0.10.0'}

  is-number@7.0.0:
    resolution: {integrity: sha512-41Cifkg6e8TylSpdtTpeLVMqvSBEVzTttHvERD741+pnZ8ANv0004MRL43QKPDlK9cGvNp6NZWZUBlbGXYxxng==}
    engines: {node: '>=0.12.0'}

  klona@2.0.6:
    resolution: {integrity: sha512-dhG34DXATL5hSxJbIexCft8FChFXtmskoZYnoPWjXQuebWYCNkVeV3KkGegCK9CP1oswI/vQibS2GY7Em/sJJA==}
    engines: {node: '>= 8'}

  lucide-react@0.503.0:
    resolution: {integrity: sha512-HGGkdlPWQ0vTF8jJ5TdIqhQXZi6uh3LnNgfZ8MHiuxFfX3RZeA79r2MW2tHAZKlAVfoNE8esm3p+O6VkIvpj6w==}
    peerDependencies:
      react: ^16.5.1 || ^17.0.0 || ^18.0.0 || ^19.0.0

  merge2@1.4.1:
    resolution: {integrity: sha512-8q7VEgMJW4J8tcfVPy8g09NcQwZdbwFEqhe/WZkoIzjn/3TGDwtOCYtXGxA3O8tPzpczCCDgv+P2P5y00ZJOOg==}
    engines: {node: '>= 8'}

  micromatch@4.0.8:
    resolution: {integrity: sha512-PXwfBhYu0hBCPw8Dn0E+WDYb7af3dSLVWKi3HGv84IdF4TyFoC0ysxFd0Goxw7nSv4T/PzEJQxsYsEiFCKo2BA==}
    engines: {node: '>=8.6'}

  mitt@3.0.1:
    resolution: {integrity: sha512-vKivATfr97l2/QBCYAkXYDbrIWPM2IIKEl7YPhjCvKlG3kE2gm+uBo6nEXK3M5/Ffh/FLpKExzOQ3JJoJGFKBw==}

  nanoid@3.3.11:
    resolution: {integrity: sha512-N8SpfPUnUp1bK+PMYW8qSWdl9U+wwNWI4QKxOYDy9JAro3WMX7p2OeVRF9v+347pnakNevPmiHhNmZ2HbFA76w==}
    engines: {node: ^10 || ^12 || ^13.7 || ^14 || >=15.0.1}
    hasBin: true

  picocolors@1.1.1:
    resolution: {integrity: sha512-xceH2snhtb5M9liqDsmEw56le376mTZkEX/jEb/RxNFyegNul7eNslCXP9FDj/Lcu0X8KEyMceP2ntpaHrDEVA==}

  picomatch@2.3.1:
    resolution: {integrity: sha512-JU3teHTNjmE2VCGFzuY8EXzCDVwEqB2a8fsIvwaStHhAWJEeVd1o1QD80CU6+ZdEXXSLbSsuLwJjkCBWqRQUVA==}
    engines: {node: '>=8.6'}

  postcss-js@4.0.1:
    resolution: {integrity: sha512-dDLF8pEO191hJMtlHFPRa8xsizHaM82MLfNkUHdUtVEV3tgTp5oj+8qbEqYM57SLfc74KSbw//4SeJma2LRVIw==}
    engines: {node: ^12 || ^14 || >= 16}
    peerDependencies:
      postcss: ^8.4.21

  postcss-mixins@9.0.4:
    resolution: {integrity: sha512-XVq5jwQJDRu5M1XGkdpgASqLk37OqkH4JCFDXl/Dn7janOJjCTEKL+36cnRVy7bMtoBzALfO7bV7nTIsFnUWLA==}
    engines: {node: '>=14.0'}
    peerDependencies:
      postcss: ^8.2.14

  postcss-nested@6.2.0:
    resolution: {integrity: sha512-HQbt28KulC5AJzG+cZtj9kvKB93CFCdLvog1WFLf1D+xmMvPGlBstkpTEZfK5+AN9hfJocyBFCNiqyS48bpgzQ==}
    engines: {node: '>=12.0'}
    peerDependencies:
      postcss: ^8.2.14

  postcss-preset-mantine@1.17.0:
    resolution: {integrity: sha512-ji1PMDBUf2Vsx/HE5faMSs1+ff6qE6YRulTr4Ja+6HD3gop8rSMTCYdpN7KrdsEg079kfBKkO/PaKhG9uR0zwQ==}
    peerDependencies:
      postcss: '>=8.0.0'

  postcss-selector-parser@6.1.2:
    resolution: {integrity: sha512-Q8qQfPiZ+THO/3ZrOrO0cJJKfpYCagtMUkXbnEfmgUjwXg6z/WBeOyS9APBBPCTSiDV+s4SwQGu8yFsiMRIudg==}
    engines: {node: '>=4'}

  postcss-simple-vars@7.0.1:
    resolution: {integrity: sha512-5GLLXaS8qmzHMOjVxqkk1TZPf1jMqesiI7qLhnlyERalG0sMbHIbJqrcnrpmZdKCLglHnRHoEBB61RtGTsj++A==}
    engines: {node: '>=14.0'}
    peerDependencies:
      postcss: ^8.2.1

  postcss@8.5.3:
    resolution: {integrity: sha512-dle9A3yYxlBSrt8Fu+IpjGT8SY8hN0mlaA6GY8t0P5PjIOZemULz/E2Bnm/2dcUOena75OTNkHI76uZBNUUq3A==}
    engines: {node: ^10 || ^12 || >=14}

  queue-microtask@1.2.3:
    resolution: {integrity: sha512-NuaNSa6flKT5JaSYQzJok04JzTL1CA6aGhv5rfLW3PgqA+M2ChpZQnAC8h8i4ZFkBS8X5RqkDBHA7r4hej3K9A==}

  react-dom@19.1.0:
    resolution: {integrity: sha512-Xs1hdnE+DyKgeHJeJznQmYMIBG3TKIHJJT95Q58nHLSrElKlGQqDTR2HQ9fx5CN/Gk6Vh/kupBTDLU11/nDk/g==}
    peerDependencies:
      react: ^19.1.0

  react-number-format@5.4.4:
    resolution: {integrity: sha512-wOmoNZoOpvMminhifQYiYSTCLUDOiUbBunrMrMjA+dV52sY+vck1S4UhR6PkgnoCquvvMSeJjErXZ4qSaWCliA==}
    peerDependencies:
      react: ^0.14 || ^15.0.0 || ^16.0.0 || ^17.0.0 || ^18.0.0 || ^19.0.0
      react-dom: ^0.14 || ^15.0.0 || ^16.0.0 || ^17.0.0 || ^18.0.0 || ^19.0.0

  react-remove-scroll-bar@2.3.8:
    resolution: {integrity: sha512-9r+yi9+mgU33AKcj6IbT9oRCO78WriSj6t/cF8DWBZJ9aOGPOTEDvdUDz1FwKim7QXWwmHqtdHnRJfhAxEG46Q==}
    engines: {node: '>=10'}
    peerDependencies:
      '@types/react': '*'
      react: ^16.8.0 || ^17.0.0 || ^18.0.0 || ^19.0.0
    peerDependenciesMeta:
      '@types/react':
        optional: true

  react-remove-scroll@2.6.3:
    resolution: {integrity: sha512-pnAi91oOk8g8ABQKGF5/M9qxmmOPxaAnopyTHYfqYEwJhyFrbbBtHuSgtKEoH0jpcxx5o3hXqH1mNd9/Oi+8iQ==}
    engines: {node: '>=10'}
    peerDependencies:
      '@types/react': '*'
      react: ^16.8.0 || ^17.0.0 || ^18.0.0 || ^19.0.0 || ^19.0.0-rc
    peerDependenciesMeta:
      '@types/react':
        optional: true

  react-style-singleton@2.2.3:
    resolution: {integrity: sha512-b6jSvxvVnyptAiLjbkWLE/lOnR4lfTtDAl+eUC7RZy+QQWc6wRzIV2CE6xBuMmDxc2qIihtDCZD5NPOFl7fRBQ==}
    engines: {node: '>=10'}
    peerDependencies:
      '@types/react': '*'
      react: ^16.8.0 || ^17.0.0 || ^18.0.0 || ^19.0.0 || ^19.0.0-rc
    peerDependenciesMeta:
      '@types/react':
        optional: true

  react-textarea-autosize@8.5.9:
    resolution: {integrity: sha512-U1DGlIQN5AwgjTyOEnI1oCcMuEr1pv1qOtklB2l4nyMGbHzWrI0eFsYK0zos2YWqAolJyG0IWJaqWmWj5ETh0A==}
    engines: {node: '>=10'}
    peerDependencies:
      react: ^16.8.0 || ^17.0.0 || ^18.0.0 || ^19.0.0

  react@19.1.0:
    resolution: {integrity: sha512-FS+XFBNvn3GTAWq26joslQgWNoFu08F4kl0J4CgdNKADkdSGXQyTCnKteIAJy96Br6YbpEU1LSzV5dYtjMkMDg==}
    engines: {node: '>=0.10.0'}

  regenerator-runtime@0.14.1:
    resolution: {integrity: sha512-dYnhHh0nJoMfnkZs6GmmhFknAGRrLznOu5nc9ML+EJxGvrx6H7teuevqVqCuPcPK//3eDrrjQhehXVx9cnkGdw==}

  regexparam@3.0.0:
    resolution: {integrity: sha512-RSYAtP31mvYLkAHrOlh25pCNQ5hWnT106VukGaaFfuJrZFkGRX5GhUAdPqpSDXxOhA2c4akmRuplv1mRqnBn6Q==}
    engines: {node: '>=8'}

  reusify@1.1.0:
    resolution: {integrity: sha512-g6QUff04oZpHs0eG5p83rFLhHeV00ug/Yf9nZM6fLeUrPguBTkTQOdpAWWspMh55TZfVQDPaN3NQJfbVRAxdIw==}
    engines: {iojs: '>=1.0.0', node: '>=0.10.0'}

  rollup@4.38.0:
    resolution: {integrity: sha512-5SsIRtJy9bf1ErAOiFMFzl64Ex9X5V7bnJ+WlFMb+zmP459OSWCEG7b0ERZ+PEU7xPt4OG3RHbrp1LJlXxYTrw==}
    engines: {node: '>=18.0.0', npm: '>=8.0.0'}
    hasBin: true

  run-parallel@1.2.0:
    resolution: {integrity: sha512-5l4VyZR86LZ/lDxZTR6jqL8AFE2S0IFLMP26AbjsLVADxHdhB/c0GUsH+y39UfCi3dzz8OlQuPmnaJOMoDHQBA==}

  scheduler@0.26.0:
    resolution: {integrity: sha512-NlHwttCI/l5gCPR3D1nNXtWABUmBwvZpEQiD4IXSbIDq8BzLIK/7Ir5gTFSGZDUu37K5cMNp0hFtzO38sC7gWA==}

  source-map-js@1.2.1:
    resolution: {integrity: sha512-UXWMKhLOwVKb728IUtQPXxfYU+usdybtUrK/8uGE8CQMvrhOpwvzDBwj0QhSL7MQc7vIsISBG8VQ8+IDQxpfQA==}
    engines: {node: '>=0.10.0'}

  sugarss@4.0.1:
    resolution: {integrity: sha512-WCjS5NfuVJjkQzK10s8WOBY+hhDxxNt/N6ZaGwxFZ+wN3/lKKFSaaKUNecULcTTvE4urLcKaZFQD8vO0mOZujw==}
    engines: {node: '>=12.0'}
    peerDependencies:
      postcss: ^8.3.3

  tabbable@6.2.0:
    resolution: {integrity: sha512-Cat63mxsVJlzYvN51JmVXIgNoUokrIaT2zLclCXjRd8boZ0004U4KCs/sToJ75C6sdlByWxpYnb5Boif1VSFew==}

  to-regex-range@5.0.1:
    resolution: {integrity: sha512-65P7iz6X5yEr1cwcgvQxbbIw7Uk3gOy5dIdtZ4rDveLqhrdJP+Li/Hx6tyK0NEb+2GCyneCMJiGqrADCSNk8sQ==}
    engines: {node: '>=8.0'}

  tslib@2.8.1:
    resolution: {integrity: sha512-oJFu94HQb+KVduSUQL7wnpmqnfmLsOA/nAh6b6EH0wCEoK0/mPeXU6c3wKDV83MkOuHPRHtSXKKU99IBazS/2w==}

  type-fest@4.40.0:
    resolution: {integrity: sha512-ABHZ2/tS2JkvH1PEjxFDTUWC8dB5OsIGZP4IFLhR293GqT5Y5qB1WwL2kMPYhQW9DVgVD8Hd7I8gjwPIf5GFkw==}
    engines: {node: '>=16'}

  typescript@5.7.3:
    resolution: {integrity: sha512-84MVSjMEHP+FQRPy3pX9sTVV/INIex71s9TL2Gm5FG/WG1SqXeKyZ0k7/blY/4FdOzI12CBy1vGc4og/eus0fw==}
    engines: {node: '>=14.17'}
    hasBin: true

  use-callback-ref@1.3.3:
    resolution: {integrity: sha512-jQL3lRnocaFtu3V00JToYz/4QkNWswxijDaCVNZRiRTO3HQDLsdu1ZtmIUvV4yPp+rvWm5j0y0TG/S61cuijTg==}
    engines: {node: '>=10'}
    peerDependencies:
      '@types/react': '*'
      react: ^16.8.0 || ^17.0.0 || ^18.0.0 || ^19.0.0 || ^19.0.0-rc
    peerDependenciesMeta:
      '@types/react':
        optional: true

  use-composed-ref@1.4.0:
    resolution: {integrity: sha512-djviaxuOOh7wkj0paeO1Q/4wMZ8Zrnag5H6yBvzN7AKKe8beOaED9SF5/ByLqsku8NP4zQqsvM2u3ew/tJK8/w==}
    peerDependencies:
      '@types/react': '*'
      react: ^16.8.0 || ^17.0.0 || ^18.0.0 || ^19.0.0
    peerDependenciesMeta:
      '@types/react':
        optional: true

  use-isomorphic-layout-effect@1.2.0:
    resolution: {integrity: sha512-q6ayo8DWoPZT0VdG4u3D3uxcgONP3Mevx2i2b0434cwWBoL+aelL1DzkXI6w3PhTZzUeR2kaVlZn70iCiseP6w==}
    peerDependencies:
      '@types/react': '*'
      react: ^16.8.0 || ^17.0.0 || ^18.0.0 || ^19.0.0
    peerDependenciesMeta:
      '@types/react':
        optional: true

  use-latest@1.3.0:
    resolution: {integrity: sha512-mhg3xdm9NaM8q+gLT8KryJPnRFOz1/5XPBhmDEVZK1webPzDjrPk7f/mbpeLqTgB9msytYWANxgALOCJKnLvcQ==}
    peerDependencies:
      '@types/react': '*'
      react: ^16.8.0 || ^17.0.0 || ^18.0.0 || ^19.0.0
    peerDependenciesMeta:
      '@types/react':
        optional: true

  use-sidecar@1.1.3:
    resolution: {integrity: sha512-Fedw0aZvkhynoPYlA5WXrMCAMm+nSWdZt6lzJQ7Ok8S6Q+VsHmHpRWndVRJ8Be0ZbkfPc5LRYH+5XrzXcEeLRQ==}
    engines: {node: '>=10'}
    peerDependencies:
      '@types/react': '*'
      react: ^16.8.0 || ^17.0.0 || ^18.0.0 || ^19.0.0 || ^19.0.0-rc
    peerDependenciesMeta:
      '@types/react':
        optional: true

  use-sync-external-store@1.5.0:
    resolution: {integrity: sha512-Rb46I4cGGVBmjamjphe8L/UnvJD+uPPtTkNvX5mZgqdbavhI4EbgIWJiIHXJ8bc/i9EQGPRh4DwEURJ552Do0A==}
    peerDependencies:
      react: ^16.8.0 || ^17.0.0 || ^18.0.0 || ^19.0.0

  util-deprecate@1.0.2:
    resolution: {integrity: sha512-EPD5q1uXyFxJpCrLnCc1nHnq3gOa6DZBocAIiI2TaSCA7VCJ1UJDMagCzIkXNsUYfD1daK//LTEQ8xiIbrHtcw==}

  vite@6.2.3:
    resolution: {integrity: sha512-IzwM54g4y9JA/xAeBPNaDXiBF8Jsgl3VBQ2YQ/wOY6fyW3xMdSoltIV3Bo59DErdqdE6RxUfv8W69DvUorE4Eg==}
    engines: {node: ^18.0.0 || ^20.0.0 || >=22.0.0}
    hasBin: true
    peerDependencies:
      '@types/node': ^18.0.0 || ^20.0.0 || >=22.0.0
      jiti: '>=1.21.0'
      less: '*'
      lightningcss: ^1.21.0
      sass: '*'
      sass-embedded: '*'
      stylus: '*'
      sugarss: '*'
      terser: ^5.16.0
      tsx: ^4.8.1
      yaml: ^2.4.2
    peerDependenciesMeta:
      '@types/node':
        optional: true
      jiti:
        optional: true
      less:
        optional: true
      lightningcss:
        optional: true
      sass:
        optional: true
      sass-embedded:
        optional: true
      stylus:
        optional: true
      sugarss:
        optional: true
      terser:
        optional: true
      tsx:
        optional: true
      yaml:
        optional: true

  wouter@3.7.0:
    resolution: {integrity: sha512-ElkqESy10WgRRbdd22uQkSSO6LmG6vxI50pxPKry2TLebbdXvgtp7rJ48KafjUvsKcQQmIewxgRCGixPfk58tw==}
    peerDependencies:
      react: '>=16.8.0'

  zod@3.24.3:
    resolution: {integrity: sha512-HhY1oqzWCQWuUqvBFnsyrtZRhyPeR7SUGv+C4+MsisMuVfSPx8HpwWqH8tRahSlt6M3PiFAcoeFhZAqIXTxoSg==}

snapshots:

  '@babel/runtime@7.27.0':
    dependencies:
      regenerator-runtime: 0.14.1

  '@esbuild/aix-ppc64@0.25.1':
    optional: true

  '@esbuild/android-arm64@0.25.1':
    optional: true

  '@esbuild/android-arm@0.25.1':
    optional: true

  '@esbuild/android-x64@0.25.1':
    optional: true

  '@esbuild/darwin-arm64@0.25.1':
    optional: true

  '@esbuild/darwin-x64@0.25.1':
    optional: true

  '@esbuild/freebsd-arm64@0.25.1':
    optional: true

  '@esbuild/freebsd-x64@0.25.1':
    optional: true

  '@esbuild/linux-arm64@0.25.1':
    optional: true

  '@esbuild/linux-arm@0.25.1':
    optional: true

  '@esbuild/linux-ia32@0.25.1':
    optional: true

  '@esbuild/linux-loong64@0.25.1':
    optional: true

  '@esbuild/linux-mips64el@0.25.1':
    optional: true

  '@esbuild/linux-ppc64@0.25.1':
    optional: true

  '@esbuild/linux-riscv64@0.25.1':
    optional: true

  '@esbuild/linux-s390x@0.25.1':
    optional: true

  '@esbuild/linux-x64@0.25.1':
    optional: true

  '@esbuild/netbsd-arm64@0.25.1':
    optional: true

  '@esbuild/netbsd-x64@0.25.1':
    optional: true

  '@esbuild/openbsd-arm64@0.25.1':
    optional: true

  '@esbuild/openbsd-x64@0.25.1':
    optional: true

  '@esbuild/sunos-x64@0.25.1':
    optional: true

  '@esbuild/win32-arm64@0.25.1':
    optional: true

  '@esbuild/win32-ia32@0.25.1':
    optional: true

  '@esbuild/win32-x64@0.25.1':
    optional: true

  '@floating-ui/core@1.6.9':
    dependencies:
      '@floating-ui/utils': 0.2.9

  '@floating-ui/dom@1.6.13':
    dependencies:
      '@floating-ui/core': 1.6.9
      '@floating-ui/utils': 0.2.9

  '@floating-ui/react-dom@2.1.2(react-dom@19.1.0(react@19.1.0))(react@19.1.0)':
    dependencies:
      '@floating-ui/dom': 1.6.13
      react: 19.1.0
      react-dom: 19.1.0(react@19.1.0)

  '@floating-ui/react@0.26.28(react-dom@19.1.0(react@19.1.0))(react@19.1.0)':
    dependencies:
      '@floating-ui/react-dom': 2.1.2(react-dom@19.1.0(react@19.1.0))(react@19.1.0)
      '@floating-ui/utils': 0.2.9
      react: 19.1.0
      react-dom: 19.1.0(react@19.1.0)
      tabbable: 6.2.0

  '@floating-ui/utils@0.2.9': {}

  '@mantine/core@7.17.4(@mantine/hooks@7.17.4(react@19.1.0))(@types/react@19.0.12)(react-dom@19.1.0(react@19.1.0))(react@19.1.0)':
    dependencies:
      '@floating-ui/react': 0.26.28(react-dom@19.1.0(react@19.1.0))(react@19.1.0)
      '@mantine/hooks': 7.17.4(react@19.1.0)
      clsx: 2.1.1
      react: 19.1.0
      react-dom: 19.1.0(react@19.1.0)
      react-number-format: 5.4.4(react-dom@19.1.0(react@19.1.0))(react@19.1.0)
      react-remove-scroll: 2.6.3(@types/react@19.0.12)(react@19.1.0)
      react-textarea-autosize: 8.5.9(@types/react@19.0.12)(react@19.1.0)
      type-fest: 4.40.0
    transitivePeerDependencies:
      - '@types/react'

  '@mantine/form@7.17.5(react@19.1.0)':
    dependencies:
      fast-deep-equal: 3.1.3
      klona: 2.0.6
      react: 19.1.0

  '@mantine/hooks@7.17.4(react@19.1.0)':
    dependencies:
      react: 19.1.0

  '@nodelib/fs.scandir@2.1.5':
    dependencies:
      '@nodelib/fs.stat': 2.0.5
      run-parallel: 1.2.0

  '@nodelib/fs.stat@2.0.5': {}

  '@nodelib/fs.walk@1.2.8':
    dependencies:
      '@nodelib/fs.scandir': 2.1.5
      fastq: 1.19.1

  '@rollup/rollup-android-arm-eabi@4.38.0':
    optional: true

  '@rollup/rollup-android-arm64@4.38.0':
    optional: true

  '@rollup/rollup-darwin-arm64@4.38.0':
    optional: true

  '@rollup/rollup-darwin-x64@4.38.0':
    optional: true

  '@rollup/rollup-freebsd-arm64@4.38.0':
    optional: true

  '@rollup/rollup-freebsd-x64@4.38.0':
    optional: true

  '@rollup/rollup-linux-arm-gnueabihf@4.38.0':
    optional: true

  '@rollup/rollup-linux-arm-musleabihf@4.38.0':
    optional: true

  '@rollup/rollup-linux-arm64-gnu@4.38.0':
    optional: true

  '@rollup/rollup-linux-arm64-musl@4.38.0':
    optional: true

  '@rollup/rollup-linux-loongarch64-gnu@4.38.0':
    optional: true

  '@rollup/rollup-linux-powerpc64le-gnu@4.38.0':
    optional: true

  '@rollup/rollup-linux-riscv64-gnu@4.38.0':
    optional: true

  '@rollup/rollup-linux-riscv64-musl@4.38.0':
    optional: true

  '@rollup/rollup-linux-s390x-gnu@4.38.0':
    optional: true

  '@rollup/rollup-linux-x64-gnu@4.38.0':
    optional: true

  '@rollup/rollup-linux-x64-musl@4.38.0':
    optional: true

  '@rollup/rollup-win32-arm64-msvc@4.38.0':
    optional: true

  '@rollup/rollup-win32-ia32-msvc@4.38.0':
    optional: true

  '@rollup/rollup-win32-x64-msvc@4.38.0':
    optional: true

  '@swc/core-darwin-arm64@1.11.13':
    optional: true

  '@swc/core-darwin-x64@1.11.13':
    optional: true

  '@swc/core-linux-arm-gnueabihf@1.11.13':
    optional: true

  '@swc/core-linux-arm64-gnu@1.11.13':
    optional: true

  '@swc/core-linux-arm64-musl@1.11.13':
    optional: true

  '@swc/core-linux-x64-gnu@1.11.13':
    optional: true

  '@swc/core-linux-x64-musl@1.11.13':
    optional: true

  '@swc/core-win32-arm64-msvc@1.11.13':
    optional: true

  '@swc/core-win32-ia32-msvc@1.11.13':
    optional: true

  '@swc/core-win32-x64-msvc@1.11.13':
    optional: true

  '@swc/core@1.11.13':
    dependencies:
      '@swc/counter': 0.1.3
      '@swc/types': 0.1.20
    optionalDependencies:
      '@swc/core-darwin-arm64': 1.11.13
      '@swc/core-darwin-x64': 1.11.13
      '@swc/core-linux-arm-gnueabihf': 1.11.13
      '@swc/core-linux-arm64-gnu': 1.11.13
      '@swc/core-linux-arm64-musl': 1.11.13
      '@swc/core-linux-x64-gnu': 1.11.13
      '@swc/core-linux-x64-musl': 1.11.13
      '@swc/core-win32-arm64-msvc': 1.11.13
      '@swc/core-win32-ia32-msvc': 1.11.13
      '@swc/core-win32-x64-msvc': 1.11.13

  '@swc/counter@0.1.3': {}

  '@swc/types@0.1.20':
    dependencies:
      '@swc/counter': 0.1.3

  '@tanstack/query-core@5.70.0': {}

  '@tanstack/react-query@5.70.0(react@19.1.0)':
    dependencies:
      '@tanstack/query-core': 5.70.0
      react: 19.1.0

  '@types/estree@1.0.7': {}

  '@types/react-dom@19.0.4(@types/react@19.0.12)':
    dependencies:
      '@types/react': 19.0.12

  '@types/react@19.0.12':
    dependencies:
      csstype: 3.1.3

  '@vitejs/plugin-react-swc@3.8.1(vite@6.2.3(sugarss@4.0.1(postcss@8.5.3)))':
    dependencies:
      '@swc/core': 1.11.13
      vite: 6.2.3(sugarss@4.0.1(postcss@8.5.3))
    transitivePeerDependencies:
      - '@swc/helpers'

  braces@3.0.3:
    dependencies:
      fill-range: 7.1.1

  camelcase-css@2.0.1: {}

  clsx@2.1.1: {}

  cssesc@3.0.0: {}

  csstype@3.1.3: {}

  detect-node-es@1.1.0: {}

  esbuild@0.25.1:
    optionalDependencies:
      '@esbuild/aix-ppc64': 0.25.1
      '@esbuild/android-arm': 0.25.1
      '@esbuild/android-arm64': 0.25.1
      '@esbuild/android-x64': 0.25.1
      '@esbuild/darwin-arm64': 0.25.1
      '@esbuild/darwin-x64': 0.25.1
      '@esbuild/freebsd-arm64': 0.25.1
      '@esbuild/freebsd-x64': 0.25.1
      '@esbuild/linux-arm': 0.25.1
      '@esbuild/linux-arm64': 0.25.1
      '@esbuild/linux-ia32': 0.25.1
      '@esbuild/linux-loong64': 0.25.1
      '@esbuild/linux-mips64el': 0.25.1
      '@esbuild/linux-ppc64': 0.25.1
      '@esbuild/linux-riscv64': 0.25.1
      '@esbuild/linux-s390x': 0.25.1
      '@esbuild/linux-x64': 0.25.1
      '@esbuild/netbsd-arm64': 0.25.1
      '@esbuild/netbsd-x64': 0.25.1
      '@esbuild/openbsd-arm64': 0.25.1
      '@esbuild/openbsd-x64': 0.25.1
      '@esbuild/sunos-x64': 0.25.1
      '@esbuild/win32-arm64': 0.25.1
      '@esbuild/win32-ia32': 0.25.1
      '@esbuild/win32-x64': 0.25.1

  fast-deep-equal@3.1.3: {}

  fast-glob@3.3.3:
    dependencies:
      '@nodelib/fs.stat': 2.0.5
      '@nodelib/fs.walk': 1.2.8
      glob-parent: 5.1.2
      merge2: 1.4.1
      micromatch: 4.0.8

  fastq@1.19.1:
    dependencies:
      reusify: 1.1.0

  fill-range@7.1.1:
    dependencies:
      to-regex-range: 5.0.1

  fsevents@2.3.3:
    optional: true

  get-nonce@1.0.1: {}

  glob-parent@5.1.2:
    dependencies:
      is-glob: 4.0.3

  hono@4.7.7: {}

  is-extglob@2.1.1: {}

  is-glob@4.0.3:
    dependencies:
      is-extglob: 2.1.1

  is-number@7.0.0: {}

  klona@2.0.6: {}

  lucide-react@0.503.0(react@19.1.0):
    dependencies:
      react: 19.1.0

  merge2@1.4.1: {}

  micromatch@4.0.8:
    dependencies:
      braces: 3.0.3
      picomatch: 2.3.1

  mitt@3.0.1: {}

  nanoid@3.3.11: {}

  picocolors@1.1.1: {}

  picomatch@2.3.1: {}

  postcss-js@4.0.1(postcss@8.5.3):
    dependencies:
      camelcase-css: 2.0.1
      postcss: 8.5.3

  postcss-mixins@9.0.4(postcss@8.5.3):
    dependencies:
      fast-glob: 3.3.3
      postcss: 8.5.3
      postcss-js: 4.0.1(postcss@8.5.3)
      postcss-simple-vars: 7.0.1(postcss@8.5.3)
      sugarss: 4.0.1(postcss@8.5.3)

  postcss-nested@6.2.0(postcss@8.5.3):
    dependencies:
      postcss: 8.5.3
      postcss-selector-parser: 6.1.2

  postcss-preset-mantine@1.17.0(postcss@8.5.3):
    dependencies:
      postcss: 8.5.3
      postcss-mixins: 9.0.4(postcss@8.5.3)
      postcss-nested: 6.2.0(postcss@8.5.3)

  postcss-selector-parser@6.1.2:
    dependencies:
      cssesc: 3.0.0
      util-deprecate: 1.0.2

  postcss-simple-vars@7.0.1(postcss@8.5.3):
    dependencies:
      postcss: 8.5.3

  postcss@8.5.3:
    dependencies:
      nanoid: 3.3.11
      picocolors: 1.1.1
      source-map-js: 1.2.1

  queue-microtask@1.2.3: {}

  react-dom@19.1.0(react@19.1.0):
    dependencies:
      react: 19.1.0
      scheduler: 0.26.0

  react-number-format@5.4.4(react-dom@19.1.0(react@19.1.0))(react@19.1.0):
    dependencies:
      react: 19.1.0
      react-dom: 19.1.0(react@19.1.0)

  react-remove-scroll-bar@2.3.8(@types/react@19.0.12)(react@19.1.0):
    dependencies:
      react: 19.1.0
      react-style-singleton: 2.2.3(@types/react@19.0.12)(react@19.1.0)
      tslib: 2.8.1
    optionalDependencies:
      '@types/react': 19.0.12

  react-remove-scroll@2.6.3(@types/react@19.0.12)(react@19.1.0):
    dependencies:
      react: 19.1.0
      react-remove-scroll-bar: 2.3.8(@types/react@19.0.12)(react@19.1.0)
      react-style-singleton: 2.2.3(@types/react@19.0.12)(react@19.1.0)
      tslib: 2.8.1
      use-callback-ref: 1.3.3(@types/react@19.0.12)(react@19.1.0)
      use-sidecar: 1.1.3(@types/react@19.0.12)(react@19.1.0)
    optionalDependencies:
      '@types/react': 19.0.12

  react-style-singleton@2.2.3(@types/react@19.0.12)(react@19.1.0):
    dependencies:
      get-nonce: 1.0.1
      react: 19.1.0
      tslib: 2.8.1
    optionalDependencies:
      '@types/react': 19.0.12

  react-textarea-autosize@8.5.9(@types/react@19.0.12)(react@19.1.0):
    dependencies:
      '@babel/runtime': 7.27.0
      react: 19.1.0
      use-composed-ref: 1.4.0(@types/react@19.0.12)(react@19.1.0)
      use-latest: 1.3.0(@types/react@19.0.12)(react@19.1.0)
    transitivePeerDependencies:
      - '@types/react'

  react@19.1.0: {}

  regenerator-runtime@0.14.1: {}

  regexparam@3.0.0: {}

  reusify@1.1.0: {}

  rollup@4.38.0:
    dependencies:
      '@types/estree': 1.0.7
    optionalDependencies:
      '@rollup/rollup-android-arm-eabi': 4.38.0
      '@rollup/rollup-android-arm64': 4.38.0
      '@rollup/rollup-darwin-arm64': 4.38.0
      '@rollup/rollup-darwin-x64': 4.38.0
      '@rollup/rollup-freebsd-arm64': 4.38.0
      '@rollup/rollup-freebsd-x64': 4.38.0
      '@rollup/rollup-linux-arm-gnueabihf': 4.38.0
      '@rollup/rollup-linux-arm-musleabihf': 4.38.0
      '@rollup/rollup-linux-arm64-gnu': 4.38.0
      '@rollup/rollup-linux-arm64-musl': 4.38.0
      '@rollup/rollup-linux-loongarch64-gnu': 4.38.0
      '@rollup/rollup-linux-powerpc64le-gnu': 4.38.0
      '@rollup/rollup-linux-riscv64-gnu': 4.38.0
      '@rollup/rollup-linux-riscv64-musl': 4.38.0
      '@rollup/rollup-linux-s390x-gnu': 4.38.0
      '@rollup/rollup-linux-x64-gnu': 4.38.0
      '@rollup/rollup-linux-x64-musl': 4.38.0
      '@rollup/rollup-win32-arm64-msvc': 4.38.0
      '@rollup/rollup-win32-ia32-msvc': 4.38.0
      '@rollup/rollup-win32-x64-msvc': 4.38.0
      fsevents: 2.3.3

  run-parallel@1.2.0:
    dependencies:
      queue-microtask: 1.2.3

  scheduler@0.26.0: {}

  source-map-js@1.2.1: {}

  sugarss@4.0.1(postcss@8.5.3):
    dependencies:
      postcss: 8.5.3

  tabbable@6.2.0: {}

  to-regex-range@5.0.1:
    dependencies:
      is-number: 7.0.0

  tslib@2.8.1: {}

  type-fest@4.40.0: {}

  typescript@5.7.3: {}

  use-callback-ref@1.3.3(@types/react@19.0.12)(react@19.1.0):
    dependencies:
      react: 19.1.0
      tslib: 2.8.1
    optionalDependencies:
      '@types/react': 19.0.12

  use-composed-ref@1.4.0(@types/react@19.0.12)(react@19.1.0):
    dependencies:
      react: 19.1.0
    optionalDependencies:
      '@types/react': 19.0.12

  use-isomorphic-layout-effect@1.2.0(@types/react@19.0.12)(react@19.1.0):
    dependencies:
      react: 19.1.0
    optionalDependencies:
      '@types/react': 19.0.12

  use-latest@1.3.0(@types/react@19.0.12)(react@19.1.0):
    dependencies:
      react: 19.1.0
      use-isomorphic-layout-effect: 1.2.0(@types/react@19.0.12)(react@19.1.0)
    optionalDependencies:
      '@types/react': 19.0.12

  use-sidecar@1.1.3(@types/react@19.0.12)(react@19.1.0):
    dependencies:
      detect-node-es: 1.1.0
      react: 19.1.0
      tslib: 2.8.1
    optionalDependencies:
      '@types/react': 19.0.12

  use-sync-external-store@1.5.0(react@19.1.0):
    dependencies:
      react: 19.1.0

  util-deprecate@1.0.2: {}

  vite@6.2.3(sugarss@4.0.1(postcss@8.5.3)):
    dependencies:
      esbuild: 0.25.1
      postcss: 8.5.3
      rollup: 4.38.0
    optionalDependencies:
      fsevents: 2.3.3
      sugarss: 4.0.1(postcss@8.5.3)

  wouter@3.7.0(react@19.1.0):
    dependencies:
      mitt: 3.0.1
      react: 19.1.0
      regexparam: 3.0.0
      use-sync-external-store: 1.5.0(react@19.1.0)

  zod@3.24.3: {}
